
Microsoft Visual Studio Solution File, Format Version 12.00
# Visual Studio Version 16
VisualStudioVersion = 16.0.29806.167
MinimumVisualStudioVersion = 10.0.40219.1
Project("{8BC9CEB8-8B4A-11D0-8D11-00A0C91BC942}") = "Test", "ChangeTestApp\ChangeTestApp.vcxproj", "{1712FDFF-A81D-43E7-87D8-8920F56AEF14}"
EndProject
Project("{2150E333-8FDC-42A3-9474-1A3956D46DE8}") = "17FEB20", "17FEB20", "{3DF9C7DA-C9FD-440E-B6D6-4B18A745DE7C}"
EndProject
Project("{8BC9CEB8-8B4A-11D0-8D11-00A0C91BC942}") = "AlphaApp", "AlphaApp\AlphaApp.vcxproj", "{CD01136D-C172-41DE-87F4-2B0764AD3C3A}"
EndProject
Project("{8BC9CEB8-8B4A-11D0-8D11-00A0C91BC942}") = "FibApp", "FibApp\FibApp.vcxproj", "{D9D5ECC9-7ADB-4FBE-8C2E-7DA564C0FE96}"
EndProject
Project("{2150E333-8FDC-42A3-9474-1A3956D46DE8}") = "18FEB20", "18FEB20", "{5E2C334D-D427-4374-98C2-91E2CD0B8D60}"
EndProject
Project("{8BC9CEB8-8B4A-11D0-8D11-00A0C91BC942}") = "MagicSquareApp", "MagicSquareApp\MagicSquareApp.vcxproj", "{D2B5E342-F54D-4FAC-BF78-D6BD5B1DC325}"
EndProject
Project("{8BC9CEB8-8B4A-11D0-8D11-00A0C91BC942}") = "SelectionSortTestApp", "SortTestApp\SortTestApp.vcxproj", "{A8E25AC4-CA15-409B-848D-1FC2C12D3A46}"
EndProject
Project("{8BC9CEB8-8B4A-11D0-8D11-00A0C91BC942}") = "QuickSortTestApp", "QuickSortTestApp\QuickSortTestApp.vcxproj", "{589748A2-F0E9-4DCB-BACF-DBBF35C9DA12}"
EndProject
Global
	GlobalSection(SolutionConfigurationPlatforms) = preSolution
		Debug|x64 = Debug|x64
		Debug|x86 = Debug|x86
		Release|x64 = Release|x64
		Release|x86 = Release|x86
	EndGlobalSection
	GlobalSection(ProjectConfigurationPlatforms) = postSolution
		{1712FDFF-A81D-43E7-87D8-8920F56AEF14}.Debug|x64.ActiveCfg = Debug|x64
		{1712FDFF-A81D-43E7-87D8-8920F56AEF14}.Debug|x64.Build.0 = Debug|x64
		{1712FDFF-A81D-43E7-87D8-8920F56AEF14}.Debug|x86.ActiveCfg = Debug|Win32
		{1712FDFF-A81D-43E7-87D8-8920F56AEF14}.Debug|x86.Build.0 = Debug|Win32
		{1712FDFF-A81D-43E7-87D8-8920F56AEF14}.Release|x64.ActiveCfg = Release|x64
		{1712FDFF-A81D-43E7-87D8-8920F56AEF14}.Release|x64.Build.0 = Release|x64
		{1712FDFF-A81D-43E7-87D8-8920F56AEF14}.Release|x86.ActiveCfg = Release|Win32
		{1712FDFF-A81D-43E7-87D8-8920F56AEF14}.Release|x86.Build.0 = Release|Win32
		{CD01136D-C172-41DE-87F4-2B0764AD3C3A}.Debug|x64.ActiveCfg = Debug|x64
		{CD01136D-C172-41DE-87F4-2B0764AD3C3A}.Debug|x64.Build.0 = Debug|x64
		{CD01136D-C172-41DE-87F4-2B0764AD3C3A}.Debug|x86.ActiveCfg = Debug|Win32
		{CD01136D-C172-41DE-87F4-2B0764AD3C3A}.Debug|x86.Build.0 = Debug|Win32
		{CD01136D-C172-41DE-87F4-2B0764AD3C3A}.Release|x64.ActiveCfg = Release|x64
		{CD01136D-C172-41DE-87F4-2B0764AD3C3A}.Release|x64.Build.0 = Release|x64
		{CD01136D-C172-41DE-87F4-2B0764AD3C3A}.Release|x86.ActiveCfg = Release|Win32
		{CD01136D-C172-41DE-87F4-2B0764AD3C3A}.Release|x86.Build.0 = Release|Win32
		{D9D5ECC9-7ADB-4FBE-8C2E-7DA564C0FE96}.Debug|x64.ActiveCfg = Debug|x64
		{D9D5ECC9-7ADB-4FBE-8C2E-7DA564C0FE96}.Debug|x64.Build.0 = Debug|x64
		{D9D5ECC9-7ADB-4FBE-8C2E-7DA564C0FE96}.Debug|x86.ActiveCfg = Debug|Win32
		{D9D5ECC9-7ADB-4FBE-8C2E-7DA564C0FE96}.Debug|x86.Build.0 = Debug|Win32
		{D9D5ECC9-7ADB-4FBE-8C2E-7DA564C0FE96}.Release|x64.ActiveCfg = Release|x64
		{D9D5ECC9-7ADB-4FBE-8C2E-7DA564C0FE96}.Release|x64.Build.0 = Release|x64
		{D9D5ECC9-7ADB-4FBE-8C2E-7DA564C0FE96}.Release|x86.ActiveCfg = Release|Win32
		{D9D5ECC9-7ADB-4FBE-8C2E-7DA564C0FE96}.Release|x86.Build.0 = Release|Win32
		{D2B5E342-F54D-4FAC-BF78-D6BD5B1DC325}.Debug|x64.ActiveCfg = Debug|x64
		{D2B5E342-F54D-4FAC-BF78-D6BD5B1DC325}.Debug|x64.Build.0 = Debug|x64
		{D2B5E342-F54D-4FAC-BF78-D6BD5B1DC325}.Debug|x86.ActiveCfg = Debug|Win32
		{D2B5E342-F54D-4FAC-BF78-D6BD5B1DC325}.Debug|x86.Build.0 = Debug|Win32
		{D2B5E342-F54D-4FAC-BF78-D6BD5B1DC325}.Release|x64.ActiveCfg = Release|x64
		{D2B5E342-F54D-4FAC-BF78-D6BD5B1DC325}.Release|x64.Build.0 = Release|x64
		{D2B5E342-F54D-4FAC-BF78-D6BD5B1DC325}.Release|x86.ActiveCfg = Release|Win32
		{D2B5E342-F54D-4FAC-BF78-D6BD5B1DC325}.Release|x86.Build.0 = Release|Win32
		{A8E25AC4-CA15-409B-848D-1FC2C12D3A46}.Debug|x64.ActiveCfg = Debug|x64
		{A8E25AC4-CA15-409B-848D-1FC2C12D3A46}.Debug|x64.Build.0 = Debug|x64
		{A8E25AC4-CA15-409B-848D-1FC2C12D3A46}.Debug|x86.ActiveCfg = Debug|Win32
		{A8E25AC4-CA15-409B-848D-1FC2C12D3A46}.Debug|x86.Build.0 = Debug|Win32
		{A8E25AC4-CA15-409B-848D-1FC2C12D3A46}.Release|x64.ActiveCfg = Release|x64
		{A8E25AC4-CA15-409B-848D-1FC2C12D3A46}.Release|x64.Build.0 = Release|x64
		{A8E25AC4-CA15-409B-848D-1FC2C12D3A46}.Release|x86.ActiveCfg = Release|Win32
		{A8E25AC4-CA15-409B-848D-1FC2C12D3A46}.Release|x86.Build.0 = Release|Win32
		{589748A2-F0E9-4DCB-BACF-DBBF35C9DA12}.Debug|x64.ActiveCfg = Debug|x64
		{589748A2-F0E9-4DCB-BACF-DBBF35C9DA12}.Debug|x64.Build.0 = Debug|x64
		{589748A2-F0E9-4DCB-BACF-DBBF35C9DA12}.Debug|x86.ActiveCfg = Debug|Win32
		{589748A2-F0E9-4DCB-BACF-DBBF35C9DA12}.Debug|x86.Build.0 = Debug|Win32
		{589748A2-F0E9-4DCB-BACF-DBBF35C9DA12}.Release|x64.ActiveCfg = Release|x64
		{589748A2-F0E9-4DCB-BACF-DBBF35C9DA12}.Release|x64.Build.0 = Release|x64
		{589748A2-F0E9-4DCB-BACF-DBBF35C9DA12}.Release|x86.ActiveCfg = Release|Win32
		{589748A2-F0E9-4DCB-BACF-DBBF35C9DA12}.Release|x86.Build.0 = Release|Win32
	EndGlobalSection
	GlobalSection(SolutionProperties) = preSolution
		HideSolutionNode = FALSE
	EndGlobalSection
	GlobalSection(NestedProjects) = preSolution
		{1712FDFF-A81D-43E7-87D8-8920F56AEF14} = {3DF9C7DA-C9FD-440E-B6D6-4B18A745DE7C}
		{CD01136D-C172-41DE-87F4-2B0764AD3C3A} = {3DF9C7DA-C9FD-440E-B6D6-4B18A745DE7C}
		{D9D5ECC9-7ADB-4FBE-8C2E-7DA564C0FE96} = {3DF9C7DA-C9FD-440E-B6D6-4B18A745DE7C}
		{D2B5E342-F54D-4FAC-BF78-D6BD5B1DC325} = {5E2C334D-D427-4374-98C2-91E2CD0B8D60}
		{A8E25AC4-CA15-409B-848D-1FC2C12D3A46} = {5E2C334D-D427-4374-98C2-91E2CD0B8D60}
		{589748A2-F0E9-4DCB-BACF-DBBF35C9DA12} = {5E2C334D-D427-4374-98C2-91E2CD0B8D60}
	EndGlobalSection
	GlobalSection(ExtensibilityGlobals) = postSolution
		SolutionGuid = {377854A5-1AA9-45B8-846E-934A0DA800FD}
	EndGlobalSection
EndGlobal
